// !$*UTF8*$!
{
	archiveVersion = 1;
	classes = {
	};
	objectVersion = 50;
	objects = {

/* Begin PBXBuildFile section */
		8C83D93E27EEFD3400EB1243 /* AppDelegate.swift in Sources */ = {isa = PBXBuildFile; fileRef = 8C83D93D27EEFD3400EB1243 /* AppDelegate.swift */; };
		8C83D94227EEFD3400EB1243 /* NotesListViewController.swift in Sources */ = {isa = PBXBuildFile; fileRef = 8C83D94127EEFD3400EB1243 /* NotesListViewController.swift */; };
		8C83D94827EEFD3400EB1243 /* Notes.xcdatamodeld in Sources */ = {isa = PBXBuildFile; fileRef = 8C83D94627EEFD3400EB1243 /* Notes.xcdatamodeld */; };
		8C83D94A27EEFD3600EB1243 /* Assets.xcassets in Resources */ = {isa = PBXBuildFile; fileRef = 8C83D94927EEFD3600EB1243 /* Assets.xcassets */; };
		8C83D94D27EEFD3600EB1243 /* LaunchScreen.storyboard in Resources */ = {isa = PBXBuildFile; fileRef = 8C83D94B27EEFD3600EB1243 /* LaunchScreen.storyboard */; };
		8C83D95B27EF01C300EB1243 /* NoteViewController.swift in Sources */ = {isa = PBXBuildFile; fileRef = 8C83D95A27EF01C300EB1243 /* NoteViewController.swift */; };
		8C83D96427EF064000EB1243 /* DataStoreManager.swift in Sources */ = {isa = PBXBuildFile; fileRef = 8C83D96327EF064000EB1243 /* DataStoreManager.swift */; };
/* End PBXBuildFile section */

/* Begin PBXFileReference section */
		8C83D93A27EEFD3400EB1243 /* Notes.app */ = {isa = PBXFileReference; explicitFileType = wrapper.application; includeInIndex = 0; path = Notes.app; sourceTree = BUILT_PRODUCTS_DIR; };
		8C83D93D27EEFD3400EB1243 /* AppDelegate.swift */ = {isa = PBXFileReference; lastKnownFileType = sourcecode.swift; path = AppDelegate.swift; sourceTree = "<group>"; };
		8C83D94127EEFD3400EB1243 /* NotesListViewController.swift */ = {isa = PBXFileReference; lastKnownFileType = sourcecode.swift; path = NotesListViewController.swift; sourceTree = "<group>"; };
		8C83D94727EEFD3400EB1243 /* Notes.xcdatamodel */ = {isa = PBXFileReference; lastKnownFileType = wrapper.xcdatamodel; path = Notes.xcdatamodel; sourceTree = "<group>"; };
		8C83D94927EEFD3600EB1243 /* Assets.xcassets */ = {isa = PBXFileReference; lastKnownFileType = folder.assetcatalog; path = Assets.xcassets; sourceTree = "<group>"; };
		8C83D94C27EEFD3600EB1243 /* Base */ = {isa = PBXFileReference; lastKnownFileType = file.storyboard; name = Base; path = Base.lproj/LaunchScreen.storyboard; sourceTree = "<group>"; };
		8C83D94E27EEFD3600EB1243 /* Info.plist */ = {isa = PBXFileReference; lastKnownFileType = text.plist.xml; path = Info.plist; sourceTree = "<group>"; };
		8C83D95A27EF01C300EB1243 /* NoteViewController.swift */ = {isa = PBXFileReference; lastKnownFileType = sourcecode.swift; path = NoteViewController.swift; sourceTree = "<group>"; };
		8C83D96327EF064000EB1243 /* DataStoreManager.swift */ = {isa = PBXFileReference; lastKnownFileType = sourcecode.swift; path = DataStoreManager.swift; sourceTree = "<group>"; };
/* End PBXFileReference section */

/* Begin PBXFrameworksBuildPhase section */
		8C83D93727EEFD3400EB1243 /* Frameworks */ = {
			isa = PBXFrameworksBuildPhase;
			buildActionMask = 2147483647;
			files = (
			);
			runOnlyForDeploymentPostprocessing = 0;
		};
/* End PBXFrameworksBuildPhase section */

/* Begin PBXGroup section */
		8C060FB627EF395C00638026 /* Controllers */ = {
			isa = PBXGroup;
			children = (
				8C83D94127EEFD3400EB1243 /* NotesListViewController.swift */,
				8C83D95A27EF01C300EB1243 /* NoteViewController.swift */,
			);
			path = Controllers;
			sourceTree = "<group>";
		};
		8C060FB727EF397300638026 /* Storage */ = {
			isa = PBXGroup;
			children = (
				8C83D94627EEFD3400EB1243 /* Notes.xcdatamodeld */,
				8C83D96327EF064000EB1243 /* DataStoreManager.swift */,
			);
			path = Storage;
			sourceTree = "<group>";
		};
		8C060FB927EF39D400638026 /* Views */ = {
			isa = PBXGroup;
			children = (
				8C060FBA27EF39EE00638026 /* Storyboards */,
			);
			path = Views;
			sourceTree = "<group>";
		};
		8C060FBA27EF39EE00638026 /* Storyboards */ = {
			isa = PBXGroup;
			children = (
				8C83D94B27EEFD3600EB1243 /* LaunchScreen.storyboard */,
			);
			path = Storyboards;
			sourceTree = "<group>";
		};
		8C060FBB27EF3A6500638026 /* Resources */ = {
			isa = PBXGroup;
			children = (
				8C83D94927EEFD3600EB1243 /* Assets.xcassets */,
			);
			path = Resources;
			sourceTree = "<group>";
		};
		8C83D93127EEFD3400EB1243 = {
			isa = PBXGroup;
			children = (
				8C83D93C27EEFD3400EB1243 /* Notes */,
				8C83D93B27EEFD3400EB1243 /* Products */,
			);
			sourceTree = "<group>";
		};
		8C83D93B27EEFD3400EB1243 /* Products */ = {
			isa = PBXGroup;
			children = (
				8C83D93A27EEFD3400EB1243 /* Notes.app */,
			);
			name = Products;
			sourceTree = "<group>";
		};
		8C83D93C27EEFD3400EB1243 /* Notes */ = {
			isa = PBXGroup;
			children = (
				8C060FB927EF39D400638026 /* Views */,
				8C060FB727EF397300638026 /* Storage */,
				8C060FB627EF395C00638026 /* Controllers */,
				8C83D96227EF05E600EB1243 /* Models */,
				8C060FBB27EF3A6500638026 /* Resources */,
				8C83D93D27EEFD3400EB1243 /* AppDelegate.swift */,
				8C83D94E27EEFD3600EB1243 /* Info.plist */,
			);
			path = Notes;
			sourceTree = "<group>";
		};
		8C83D96227EF05E600EB1243 /* Models */ = {
			isa = PBXGroup;
			children = (
			);
			path = Models;
			sourceTree = "<group>";
		};
/* End PBXGroup section */

/* Begin PBXNativeTarget section */
		8C83D93927EEFD3400EB1243 /* Notes */ = {
			isa = PBXNativeTarget;
			buildConfigurationList = 8C83D95127EEFD3600EB1243 /* Build configuration list for PBXNativeTarget "Notes" */;
			buildPhases = (
				8C83D93627EEFD3400EB1243 /* Sources */,
				8C83D93727EEFD3400EB1243 /* Frameworks */,
				8C83D93827EEFD3400EB1243 /* Resources */,
			);
			buildRules = (
			);
			dependencies = (
			);
			name = Notes;
			productName = Notes;
			productReference = 8C83D93A27EEFD3400EB1243 /* Notes.app */;
			productType = "com.apple.product-type.application";
		};
/* End PBXNativeTarget section */

/* Begin PBXProject section */
		8C83D93227EEFD3400EB1243 /* Project object */ = {
			isa = PBXProject;
			attributes = {
				LastSwiftUpdateCheck = 1240;
				LastUpgradeCheck = 1240;
				TargetAttributes = {
					8C83D93927EEFD3400EB1243 = {
						CreatedOnToolsVersion = 12.4;
					};
				};
			};
			buildConfigurationList = 8C83D93527EEFD3400EB1243 /* Build configuration list for PBXProject "Notes" */;
			compatibilityVersion = "Xcode 9.3";
			developmentRegion = en;
			hasScannedForEncodings = 0;
			knownRegions = (
				en,
				Base,
			);
			mainGroup = 8C83D93127EEFD3400EB1243;
			productRefGroup = 8C83D93B27EEFD3400EB1243 /* Products */;
			projectDirPath = "";
			projectRoot = "";
			targets = (
				8C83D93927EEFD3400EB1243 /* Notes */,
			);
		};
/* End PBXProject section */

/* Begin PBXResourcesBuildPhase section */
		8C83D93827EEFD3400EB1243 /* Resources */ = {
			isa = PBXResourcesBuildPhase;
			buildActionMask = 2147483647;
			files = (
				8C83D94D27EEFD3600EB1243 /* LaunchScreen.storyboard in Resources */,
				8C83D94A27EEFD3600EB1243 /* Assets.xcassets in Resources */,
			);
			runOnlyForDeploymentPostprocessing = 0;
		};
/* End PBXResourcesBuildPhase section */

/* Begin PBXSourcesBuildPhase section */
		8C83D93627EEFD3400EB1243 /* Sources */ = {
			isa = PBXSourcesBuildPhase;
			buildActionMask = 2147483647;
			files = (
				8C83D95B27EF01C300EB1243 /* NoteViewController.swift in Sources */,
				8C83D94227EEFD3400EB1243 /* NotesListViewController.swift in Sources */,
				8C83D93E27EEFD3400EB1243 /* AppDelegate.swift in Sources */,
				8C83D96427EF064000EB1243 /* DataStoreManager.swift in Sources */,
				8C83D94827EEFD3400EB1243 /* Notes.xcdatamodeld in Sources */,
			);
			runOnlyForDeploymentPostprocessing = 0;
		};
/* End PBXSourcesBuildPhase section */

/* Begin PBXVariantGroup section */
		8C83D94B27EEFD3600EB1243 /* LaunchScreen.storyboard */ = {
			isa = PBXVariantGroup;
			children = (
				8C83D94C27EEFD3600EB1243 /* Base */,
			);
			name = LaunchScreen.storyboard;
			sourceTree = "<group>";
		};
/* End PBXVariantGroup section */

/* Begin XCBuildConfiguration section */
		8C83D94F27EEFD3600EB1243 /* Debug */ = {
			isa = XCBuildConfiguration;
			buildSettings = {
				ALWAYS_SEARCH_USER_PATHS = NO;
				CLANG_ANALYZER_NONNULL = YES;
				CLANG_ANALYZER_NUMBER_OBJECT_CONVERSION = YES_AGGRESSIVE;
				CLANG_CXX_LANGUAGE_STANDARD = "gnu++14";
				CLANG_CXX_LIBRARY = "libc++";
				CLANG_ENABLE_MODULES = YES;
				CLANG_ENABLE_OBJC_ARC = YES;
				CLANG_ENABLE_OBJC_WEAK = YES;
				CLANG_WARN_BLOCK_CAPTURE_AUTORELEASING = YES;
				CLANG_WARN_BOOL_CONVERSION = YES;
				CLANG_WARN_COMMA = YES;
				CLANG_WARN_CONSTANT_CONVERSION = YES;
				CLANG_WARN_DEPRECATED_OBJC_IMPLEMENTATIONS = YES;
				CLANG_WARN_DIRECT_OBJC_ISA_USAGE = YES_ERROR;
				CLANG_WARN_DOCUMENTATION_COMMENTS = YES;
				CLANG_WARN_EMPTY_BODY = YES;
				CLANG_WARN_ENUM_CONVERSION = YES;
				CLANG_WARN_INFINITE_RECURSION = YES;
				CLANG_WARN_INT_CONVERSION = YES;
				CLANG_WARN_NON_LITERAL_NULL_CONVERSION = YES;
				CLANG_WARN_OBJC_IMPLICIT_RETAIN_SELF = YES;
				CLANG_WARN_OBJC_LITERAL_CONVERSION = YES;
				CLANG_WARN_OBJC_ROOT_CLASS = YES_ERROR;
				CLANG_WARN_QUOTED_INCLUDE_IN_FRAMEWORK_HEADER = YES;
				CLANG_WARN_RANGE_LOOP_ANALYSIS = YES;
				CLANG_WARN_STRICT_PROTOTYPES = YES;
				CLANG_WARN_SUSPICIOUS_MOVE = YES;
				CLANG_WARN_UNGUARDED_AVAILABILITY = YES_AGGRESSIVE;
				CLANG_WARN_UNREACHABLE_CODE = YES;
				CLANG_WARN__DUPLICATE_METHOD_MATCH = YES;
				COPY_PHASE_STRIP = NO;
				DEBUG_INFORMATION_FORMAT = dwarf;
				ENABLE_STRICT_OBJC_MSGSEND = YES;
				ENABLE_TESTABILITY = YES;
				GCC_C_LANGUAGE_STANDARD = gnu11;
				GCC_DYNAMIC_NO_PIC = NO;
				GCC_NO_COMMON_BLOCKS = YES;
				GCC_OPTIMIZATION_LEVEL = 0;
				GCC_PREPROCESSOR_DEFINITIONS = (
					"DEBUG=1",
					"$(inherited)",
				);
				GCC_WARN_64_TO_32_BIT_CONVERSION = YES;
				GCC_WARN_ABOUT_RETURN_TYPE = YES_ERROR;
				GCC_WARN_UNDECLARED_SELECTOR = YES;
				GCC_WARN_UNINITIALIZED_AUTOS = YES_AGGRESSIVE;
				GCC_WARN_UNUSED_FUNCTION = YES;
				GCC_WARN_UNUSED_VARIABLE = YES;
				IPHONEOS_DEPLOYMENT_TARGET = 14.4;
				MTL_ENABLE_DEBUG_INFO = INCLUDE_SOURCE;
				MTL_FAST_MATH = YES;
				ONLY_ACTIVE_ARCH = YES;
				SDKROOT = iphoneos;
				SWIFT_ACTIVE_COMPILATION_CONDITIONS = DEBUG;
				SWIFT_OPTIMIZATION_LEVEL = "-Onone";
			};
			name = Debug;
		};
		8C83D95027EEFD3600EB1243 /* Release */ = {
			isa = XCBuildConfiguration;
			buildSettings = {
				ALWAYS_SEARCH_USER_PATHS = NO;
				CLANG_ANALYZER_NONNULL = YES;
				CLANG_ANALYZER_NUMBER_OBJECT_CONVERSION = YES_AGGRESSIVE;
				CLANG_CXX_LANGUAGE_STANDARD = "gnu++14";
				CLANG_CXX_LIBRARY = "libc++";
				CLANG_ENABLE_MODULES = YES;
				CLANG_ENABLE_OBJC_ARC = YES;
				CLANG_ENABLE_OBJC_WEAK = YES;
				CLANG_WARN_BLOCK_CAPTURE_AUTORELEASING = YES;
				CLANG_WARN_BOOL_CONVERSION = YES;
				CLANG_WARN_COMMA = YES;
				CLANG_WARN_CONSTANT_CONVERSION = YES;
				CLANG_WARN_DEPRECATED_OBJC_IMPLEMENTATIONS = YES;
				CLANG_WARN_DIRECT_OBJC_ISA_USAGE = YES_ERROR;
				CLANG_WARN_DOCUMENTATION_COMMENTS = YES;
				CLANG_WARN_EMPTY_BODY = YES;
				CLANG_WARN_ENUM_CONVERSION = YES;
				CLANG_WARN_INFINITE_RECURSION = YES;
				CLANG_WARN_INT_CONVERSION = YES;
				CLANG_WARN_NON_LITERAL_NULL_CONVERSION = YES;
				CLANG_WARN_OBJC_IMPLICIT_RETAIN_SELF = YES;
				CLANG_WARN_OBJC_LITERAL_CONVERSION = YES;
				CLANG_WARN_OBJC_ROOT_CLASS = YES_ERROR;
				CLANG_WARN_QUOTED_INCLUDE_IN_FRAMEWORK_HEADER = YES;
				CLANG_WARN_RANGE_LOOP_ANALYSIS = YES;
				CLANG_WARN_STRICT_PROTOTYPES = YES;
				CLANG_WARN_SUSPICIOUS_MOVE = YES;
				CLANG_WARN_UNGUARDED_AVAILABILITY = YES_AGGRESSIVE;
				CLANG_WARN_UNREACHABLE_CODE = YES;
				CLANG_WARN__DUPLICATE_METHOD_MATCH = YES;
				COPY_PHASE_STRIP = NO;
				DEBUG_INFORMATION_FORMAT = "dwarf-with-dsym";
				ENABLE_NS_ASSERTIONS = NO;
				ENABLE_STRICT_OBJC_MSGSEND = YES;
				GCC_C_LANGUAGE_STANDARD = gnu11;
				GCC_NO_COMMON_BLOCKS = YES;
				GCC_WARN_64_TO_32_BIT_CONVERSION = YES;
				GCC_WARN_ABOUT_RETURN_TYPE = YES_ERROR;
				GCC_WARN_UNDECLARED_SELECTOR = YES;
				GCC_WARN_UNINITIALIZED_AUTOS = YES_AGGRESSIVE;
				GCC_WARN_UNUSED_FUNCTION = YES;
				GCC_WARN_UNUSED_VARIABLE = YES;
				IPHONEOS_DEPLOYMENT_TARGET = 14.4;
				MTL_ENABLE_DEBUG_INFO = NO;
				MTL_FAST_MATH = YES;
				SDKROOT = iphoneos;
				SWIFT_COMPILATION_MODE = wholemodule;
				SWIFT_OPTIMIZATION_LEVEL = "-O";
				VALIDATE_PRODUCT = YES;
			};
			name = Release;
		};
		8C83D95227EEFD3600EB1243 /* Debug */ = {
			isa = XCBuildConfiguration;
			buildSettings = {
				ASSETCATALOG_COMPILER_APPICON_NAME = AppIcon;
				ASSETCATALOG_COMPILER_GLOBAL_ACCENT_COLOR_NAME = AccentColor;
				CODE_SIGN_STYLE = Automatic;
				INFOPLIST_FILE = Notes/Info.plist;
				IPHONEOS_DEPLOYMENT_TARGET = 14.4;
				LD_RUNPATH_SEARCH_PATHS = (
					"$(inherited)",
					"@executable_path/Frameworks",
				);
				PRODUCT_BUNDLE_IDENTIFIER = fgf.Notes;
				PRODUCT_NAME = "$(TARGET_NAME)";
				SWIFT_VERSION = 5.0;
				TARGETED_DEVICE_FAMILY = "1,2";
			};
			name = Debug;
		};
		8C83D95327EEFD3600EB1243 /* Release */ = {
			isa = XCBuildConfiguration;
			buildSettings = {
				ASSETCATALOG_COMPILER_APPICON_NAME = AppIcon;
				ASSETCATALOG_COMPILER_GLOBAL_ACCENT_COLOR_NAME = AccentColor;
				CODE_SIGN_STYLE = Automatic;
				INFOPLIST_FILE = Notes/Info.plist;
				IPHONEOS_DEPLOYMENT_TARGET = 14.4;
				LD_RUNPATH_SEARCH_PATHS = (
					"$(inherited)",
					"@executable_path/Frameworks",
				);
				PRODUCT_BUNDLE_IDENTIFIER = fgf.Notes;
				PRODUCT_NAME = "$(TARGET_NAME)";
				SWIFT_VERSION = 5.0;
				TARGETED_DEVICE_FAMILY = "1,2";
			};
			name = Release;
		};
/* End XCBuildConfiguration section */

/* Begin XCConfigurationList section */
		8C83D93527EEFD3400EB1243 /* Build configuration list for PBXProject "Notes" */ = {
			isa = XCConfigurationList;
			buildConfigurations = (
				8C83D94F27EEFD3600EB1243 /* Debug */,
				8C83D95027EEFD3600EB1243 /* Release */,
			);
			defaultConfigurationIsVisible = 0;
			defaultConfigurationName = Release;
		};
		8C83D95127EEFD3600EB1243 /* Build configuration list for PBXNativeTarget "Notes" */ = {
			isa = XCConfigurationList;
			buildConfigurations = (
				8C83D95227EEFD3600EB1243 /* Debug */,
				8C83D95327EEFD3600EB1243 /* Release */,
			);
			defaultConfigurationIsVisible = 0;
			defaultConfigurationName = Release;
		};
/* End XCConfigurationList section */

/* Begin XCVersionGroup section */
		8C83D94627EEFD3400EB1243 /* Notes.xcdatamodeld */ = {
			isa = XCVersionGroup;
			children = (
				8C83D94727EEFD3400EB1243 /* Notes.xcdatamodel */,
			);
			currentVersion = 8C83D94727EEFD3400EB1243 /* Notes.xcdatamodel */;
			path = Notes.xcdatamodeld;
			sourceTree = "<group>";
			versionGroupType = wrapper.xcdatamodel;
		};
/* End XCVersionGroup section */
	};
	rootObject = 8C83D93227EEFD3400EB1243 /* Project object */;
}
